
Microsoft Visual Studio Solution File, Format Version 12.00
# Visual Studio Version 16
VisualStudioVersion = 16.0.30804.86
MinimumVisualStudioVersion = 10.0.40219.1
Project("{96C6469C-484F-8A78-236A-4E7D758786A7}") = "NoDetailsForClienters", "NoDetailsForClienters.csproj", "{157CF94A-B236-2DC7-8280-60E3583C93E8}"
EndProject
Global
	GlobalSection(SolutionConfigurationPlatforms) = preSolution
		Debug|Any CPU = Debug|Any CPU
		Release|Any CPU = Release|Any CPU
	EndGlobalSection
	GlobalSection(ProjectConfigurationPlatforms) = postSolution
		{157CF94A-B236-2DC7-8280-60E3583C93E8}.Debug|Any CPU.ActiveCfg = Debug|Any CPU
		{157CF94A-B236-2DC7-8280-60E3583C93E8}.Debug|Any CPU.Build.0 = Debug|Any CPU
		{157CF94A-B236-2DC7-8280-60E3583C93E8}.Release|Any CPU.ActiveCfg = Release|Any CPU
		{157CF94A-B236-2DC7-8280-60E3583C93E8}.Release|Any CPU.Build.0 = Release|Any CPU
	EndGlobalSection
	GlobalSection(SolutionProperties) = preSolution
		HideSolutionNode = FALSE
	EndGlobalSection
	GlobalSection(ExtensibilityGlobals) = postSolution
		SolutionGuid = {D98AE89D-B713-F20B-071B-B9F3620E6AFA}
	EndGlobalSection
EndGlobal
